
Microsoft Visual Studio Solution File, Format Version 11.00
# Visual Studio 2010
Project("{FAE04EC0-301F-11D3-BF4B-00C04F79EFBC}") = "AtmSimCommon", "AtmSimCommon\AtmSimCommon.csproj", "{D4C26366-C88B-42DB-8A6F-1DB45880107D}"
EndProject
Project("{FAE04EC0-301F-11D3-BF4B-00C04F79EFBC}") = "AtmSimComponents", "AtmSimComponents\AtmSimComponents.csproj", "{8451934A-7FE4-471F-B0B0-E7861AF5AFE4}"
EndProject
Project("{FAE04EC0-301F-11D3-BF4B-00C04F79EFBC}") = "AtmSimMain", "AtmSimMain\AtmSimMain.csproj", "{EE26BEE7-D159-4DC4-8D93-BD1E8FCAFA8A}"
EndProject
Project("{FAE04EC0-301F-11D3-BF4B-00C04F79EFBC}") = "AtmSimNode", "AtmSimNode\AtmSimNode.csproj", "{046C2504-0959-468E-8C40-D1E78C24E2FE}"
EndProject
Global
	GlobalSection(SolutionConfigurationPlatforms) = preSolution
		Debug|Any CPU = Debug|Any CPU
		Debug|Mixed Platforms = Debug|Mixed Platforms
		Debug|x86 = Debug|x86
		DebugWithoutPlugins|Any CPU = DebugWithoutPlugins|Any CPU
		DebugWithoutPlugins|Mixed Platforms = DebugWithoutPlugins|Mixed Platforms
		DebugWithoutPlugins|x86 = DebugWithoutPlugins|x86
		Release|Any CPU = Release|Any CPU
		Release|Mixed Platforms = Release|Mixed Platforms
		Release|x86 = Release|x86
	EndGlobalSection
	GlobalSection(ProjectConfigurationPlatforms) = postSolution
		{D4C26366-C88B-42DB-8A6F-1DB45880107D}.Debug|Any CPU.ActiveCfg = Debug|Any CPU
		{D4C26366-C88B-42DB-8A6F-1DB45880107D}.Debug|Any CPU.Build.0 = Debug|Any CPU
		{D4C26366-C88B-42DB-8A6F-1DB45880107D}.Debug|Mixed Platforms.ActiveCfg = Debug|Any CPU
		{D4C26366-C88B-42DB-8A6F-1DB45880107D}.Debug|Mixed Platforms.Build.0 = Debug|Any CPU
		{D4C26366-C88B-42DB-8A6F-1DB45880107D}.Debug|x86.ActiveCfg = Debug|Any CPU
		{D4C26366-C88B-42DB-8A6F-1DB45880107D}.DebugWithoutPlugins|Any CPU.ActiveCfg = Debug|Any CPU
		{D4C26366-C88B-42DB-8A6F-1DB45880107D}.DebugWithoutPlugins|Any CPU.Build.0 = Debug|Any CPU
		{D4C26366-C88B-42DB-8A6F-1DB45880107D}.DebugWithoutPlugins|Mixed Platforms.ActiveCfg = Debug|Any CPU
		{D4C26366-C88B-42DB-8A6F-1DB45880107D}.DebugWithoutPlugins|Mixed Platforms.Build.0 = Debug|Any CPU
		{D4C26366-C88B-42DB-8A6F-1DB45880107D}.DebugWithoutPlugins|x86.ActiveCfg = Debug|Any CPU
		{D4C26366-C88B-42DB-8A6F-1DB45880107D}.Release|Any CPU.ActiveCfg = Release|Any CPU
		{D4C26366-C88B-42DB-8A6F-1DB45880107D}.Release|Any CPU.Build.0 = Release|Any CPU
		{D4C26366-C88B-42DB-8A6F-1DB45880107D}.Release|Mixed Platforms.ActiveCfg = Release|Any CPU
		{D4C26366-C88B-42DB-8A6F-1DB45880107D}.Release|Mixed Platforms.Build.0 = Release|Any CPU
		{D4C26366-C88B-42DB-8A6F-1DB45880107D}.Release|x86.ActiveCfg = Release|Any CPU
		{8451934A-7FE4-471F-B0B0-E7861AF5AFE4}.Debug|Any CPU.ActiveCfg = Debug|Any CPU
		{8451934A-7FE4-471F-B0B0-E7861AF5AFE4}.Debug|Any CPU.Build.0 = Debug|Any CPU
		{8451934A-7FE4-471F-B0B0-E7861AF5AFE4}.Debug|Mixed Platforms.ActiveCfg = Debug|Any CPU
		{8451934A-7FE4-471F-B0B0-E7861AF5AFE4}.Debug|Mixed Platforms.Build.0 = Debug|Any CPU
		{8451934A-7FE4-471F-B0B0-E7861AF5AFE4}.Debug|x86.ActiveCfg = Debug|Any CPU
		{8451934A-7FE4-471F-B0B0-E7861AF5AFE4}.DebugWithoutPlugins|Any CPU.ActiveCfg = Debug|Any CPU
		{8451934A-7FE4-471F-B0B0-E7861AF5AFE4}.DebugWithoutPlugins|Any CPU.Build.0 = Debug|Any CPU
		{8451934A-7FE4-471F-B0B0-E7861AF5AFE4}.DebugWithoutPlugins|Mixed Platforms.ActiveCfg = Debug|Any CPU
		{8451934A-7FE4-471F-B0B0-E7861AF5AFE4}.DebugWithoutPlugins|Mixed Platforms.Build.0 = Debug|Any CPU
		{8451934A-7FE4-471F-B0B0-E7861AF5AFE4}.DebugWithoutPlugins|x86.ActiveCfg = Debug|Any CPU
		{8451934A-7FE4-471F-B0B0-E7861AF5AFE4}.Release|Any CPU.ActiveCfg = Release|Any CPU
		{8451934A-7FE4-471F-B0B0-E7861AF5AFE4}.Release|Any CPU.Build.0 = Release|Any CPU
		{8451934A-7FE4-471F-B0B0-E7861AF5AFE4}.Release|Mixed Platforms.ActiveCfg = Release|Any CPU
		{8451934A-7FE4-471F-B0B0-E7861AF5AFE4}.Release|Mixed Platforms.Build.0 = Release|Any CPU
		{8451934A-7FE4-471F-B0B0-E7861AF5AFE4}.Release|x86.ActiveCfg = Release|Any CPU
		{EE26BEE7-D159-4DC4-8D93-BD1E8FCAFA8A}.Debug|Any CPU.ActiveCfg = Debug|x86
		{EE26BEE7-D159-4DC4-8D93-BD1E8FCAFA8A}.Debug|Mixed Platforms.ActiveCfg = Debug|x86
		{EE26BEE7-D159-4DC4-8D93-BD1E8FCAFA8A}.Debug|Mixed Platforms.Build.0 = Debug|x86
		{EE26BEE7-D159-4DC4-8D93-BD1E8FCAFA8A}.Debug|x86.ActiveCfg = Debug|x86
		{EE26BEE7-D159-4DC4-8D93-BD1E8FCAFA8A}.Debug|x86.Build.0 = Debug|x86
		{EE26BEE7-D159-4DC4-8D93-BD1E8FCAFA8A}.DebugWithoutPlugins|Any CPU.ActiveCfg = Debug|x86
		{EE26BEE7-D159-4DC4-8D93-BD1E8FCAFA8A}.DebugWithoutPlugins|Mixed Platforms.ActiveCfg = Debug|x86
		{EE26BEE7-D159-4DC4-8D93-BD1E8FCAFA8A}.DebugWithoutPlugins|Mixed Platforms.Build.0 = Debug|x86
		{EE26BEE7-D159-4DC4-8D93-BD1E8FCAFA8A}.DebugWithoutPlugins|x86.ActiveCfg = Debug|x86
		{EE26BEE7-D159-4DC4-8D93-BD1E8FCAFA8A}.DebugWithoutPlugins|x86.Build.0 = Debug|x86
		{EE26BEE7-D159-4DC4-8D93-BD1E8FCAFA8A}.Release|Any CPU.ActiveCfg = Release|x86
		{EE26BEE7-D159-4DC4-8D93-BD1E8FCAFA8A}.Release|Mixed Platforms.ActiveCfg = Release|x86
		{EE26BEE7-D159-4DC4-8D93-BD1E8FCAFA8A}.Release|Mixed Platforms.Build.0 = Release|x86
		{EE26BEE7-D159-4DC4-8D93-BD1E8FCAFA8A}.Release|x86.ActiveCfg = Release|x86
		{EE26BEE7-D159-4DC4-8D93-BD1E8FCAFA8A}.Release|x86.Build.0 = Release|x86
		{046C2504-0959-468E-8C40-D1E78C24E2FE}.Debug|Any CPU.ActiveCfg = Debug|x86
		{046C2504-0959-468E-8C40-D1E78C24E2FE}.Debug|Mixed Platforms.ActiveCfg = Debug|x86
		{046C2504-0959-468E-8C40-D1E78C24E2FE}.Debug|Mixed Platforms.Build.0 = Debug|x86
		{046C2504-0959-468E-8C40-D1E78C24E2FE}.Debug|x86.ActiveCfg = Debug|x86
		{046C2504-0959-468E-8C40-D1E78C24E2FE}.Debug|x86.Build.0 = Debug|x86
		{046C2504-0959-468E-8C40-D1E78C24E2FE}.DebugWithoutPlugins|Any CPU.ActiveCfg = Debug|x86
		{046C2504-0959-468E-8C40-D1E78C24E2FE}.DebugWithoutPlugins|Mixed Platforms.ActiveCfg = Debug|x86
		{046C2504-0959-468E-8C40-D1E78C24E2FE}.DebugWithoutPlugins|Mixed Platforms.Build.0 = Debug|x86
		{046C2504-0959-468E-8C40-D1E78C24E2FE}.DebugWithoutPlugins|x86.ActiveCfg = Debug|x86
		{046C2504-0959-468E-8C40-D1E78C24E2FE}.DebugWithoutPlugins|x86.Build.0 = Debug|x86
		{046C2504-0959-468E-8C40-D1E78C24E2FE}.Release|Any CPU.ActiveCfg = Release|x86
		{046C2504-0959-468E-8C40-D1E78C24E2FE}.Release|Mixed Platforms.ActiveCfg = Release|x86
		{046C2504-0959-468E-8C40-D1E78C24E2FE}.Release|Mixed Platforms.Build.0 = Release|x86
		{046C2504-0959-468E-8C40-D1E78C24E2FE}.Release|x86.ActiveCfg = Release|x86
		{046C2504-0959-468E-8C40-D1E78C24E2FE}.Release|x86.Build.0 = Release|x86
	EndGlobalSection
	GlobalSection(SolutionProperties) = preSolution
		HideSolutionNode = FALSE
	EndGlobalSection
EndGlobal
